<?xml version="1.0" encoding="utf-8"?>
<Project ToolsVersion="4.0" xmlns="http://schemas.microsoft.com/developer/msbuild/2003">
  <ItemGroup>
    <ClCompile Include="window.cpp">
      <Filter>app</Filter>
    </ClCompile>
    <ClCompile Include="main.cpp" />
  </ItemGroup>
  <ItemGroup>
    <Filter Include="graphichs">
      <UniqueIdentifier>{0f0b6a68-c65e-450c-b868-1c56b47b18e9}</UniqueIdentifier>
    </Filter>
    <Filter Include="app">
      <UniqueIdentifier>{b1fccf62-cb85-40b5-8455-c201e473193f}</UniqueIdentifier>
    </Filter>
  </ItemGroup>
  <ItemGroup>
    <ClInclude Include="window.h">
      <Filter>app</Filter>
    </ClInclude>
  </ItemGroup>
</Project>